
Microsoft Visual Studio Solution File, Format Version 12.00
# Visual Studio Version 16
VisualStudioVersion = 16.0.29905.134
MinimumVisualStudioVersion = 10.0.40219.1
Project("{9A19103F-16F7-4668-BE54-9A1E7A4F7556}") = "ContosoCrafts.Web", "ContosoCrafts.WebSite\ContosoCrafts.Web.csproj", "{1AF45CE5-F829-41C2-81CF-DF0AC7D0768E}"
EndProject
Project("{FAE04EC0-301F-11D3-BF4B-00C04F79EFBC}") = "ContosoCrafts.Business", "ContosoCrafts.Business\ContosoCrafts.Business.csproj", "{612B20C1-46D3-4A66-B307-7CF37545FC78}"
EndProject
Project("{FAE04EC0-301F-11D3-BF4B-00C04F79EFBC}") = "ContosoCrafts.Persistence", "ContosoCrafts.Persistence\ContosoCrafts.Persistence.csproj", "{0C661828-D967-4319-ACA4-B5102FE7C776}"
EndProject
Global
	GlobalSection(SolutionConfigurationPlatforms) = preSolution
		Debug|Any CPU = Debug|Any CPU
		Release|Any CPU = Release|Any CPU
	EndGlobalSection
	GlobalSection(ProjectConfigurationPlatforms) = postSolution
		{1AF45CE5-F829-41C2-81CF-DF0AC7D0768E}.Debug|Any CPU.ActiveCfg = Debug|Any CPU
		{1AF45CE5-F829-41C2-81CF-DF0AC7D0768E}.Debug|Any CPU.Build.0 = Debug|Any CPU
		{1AF45CE5-F829-41C2-81CF-DF0AC7D0768E}.Release|Any CPU.ActiveCfg = Release|Any CPU
		{1AF45CE5-F829-41C2-81CF-DF0AC7D0768E}.Release|Any CPU.Build.0 = Release|Any CPU
		{612B20C1-46D3-4A66-B307-7CF37545FC78}.Debug|Any CPU.ActiveCfg = Debug|Any CPU
		{612B20C1-46D3-4A66-B307-7CF37545FC78}.Debug|Any CPU.Build.0 = Debug|Any CPU
		{612B20C1-46D3-4A66-B307-7CF37545FC78}.Release|Any CPU.ActiveCfg = Release|Any CPU
		{612B20C1-46D3-4A66-B307-7CF37545FC78}.Release|Any CPU.Build.0 = Release|Any CPU
		{0C661828-D967-4319-ACA4-B5102FE7C776}.Debug|Any CPU.ActiveCfg = Debug|Any CPU
		{0C661828-D967-4319-ACA4-B5102FE7C776}.Debug|Any CPU.Build.0 = Debug|Any CPU
		{0C661828-D967-4319-ACA4-B5102FE7C776}.Release|Any CPU.ActiveCfg = Release|Any CPU
		{0C661828-D967-4319-ACA4-B5102FE7C776}.Release|Any CPU.Build.0 = Release|Any CPU
	EndGlobalSection
	GlobalSection(SolutionProperties) = preSolution
		HideSolutionNode = FALSE
	EndGlobalSection
	GlobalSection(ExtensibilityGlobals) = postSolution
		SolutionGuid = {268315D6-76D1-4A70-AE75-B2C46E20EA76}
	EndGlobalSection
EndGlobal
